
Microsoft Visual Studio Solution File, Format Version 12.00
# Visual Studio Version 16
VisualStudioVersion = 16.0.31005.135
MinimumVisualStudioVersion = 10.0.40219.1
Project("{FAE04EC0-301F-11D3-BF4B-00C04F79EFBC}") = "DisneyFinal", "DisneyFinal.csproj", "{F9F2F083-2FF8-49B1-8B9C-D5A99E1B07CA}"
EndProject
Global
	GlobalSection(SolutionConfigurationPlatforms) = preSolution
		Debug|Any CPU = Debug|Any CPU
		Release|Any CPU = Release|Any CPU
	EndGlobalSection
	GlobalSection(ProjectConfigurationPlatforms) = postSolution
		{F9F2F083-2FF8-49B1-8B9C-D5A99E1B07CA}.Debug|Any CPU.ActiveCfg = Debug|Any CPU
		{F9F2F083-2FF8-49B1-8B9C-D5A99E1B07CA}.Debug|Any CPU.Build.0 = Debug|Any CPU
		{F9F2F083-2FF8-49B1-8B9C-D5A99E1B07CA}.Release|Any CPU.ActiveCfg = Release|Any CPU
		{F9F2F083-2FF8-49B1-8B9C-D5A99E1B07CA}.Release|Any CPU.Build.0 = Release|Any CPU
	EndGlobalSection
	GlobalSection(SolutionProperties) = preSolution
		HideSolutionNode = FALSE
	EndGlobalSection
	GlobalSection(ExtensibilityGlobals) = postSolution
		SolutionGuid = {26B671D4-78F5-40FE-ABA5-0541C8353E28}
	EndGlobalSection
EndGlobal
